{
  "skills": [
    {
      "path": ".pi/skills/impeccable",
      "ref": "main",
      "name": "impeccable",
      "git": "https://github.com/pbakaus/impeccable.git",
      "revision": "2a26f1c50b9c4f86d10c0fec8f74cf523a2236e7"
    },
    {
      "path": "skills/ponytail",
      "ref": "main",
      "name": "ponytail",
      "git": "https://github.com/DietrichGebert/ponytail.git",
      "revision": "552acd5efd0aeae2583a12efe39373d2f076f25e"
    },
    {
      "path": "skills/systematic-debugging",
      "ref": "main",
      "name": "systematic-debugging",
      "git": "https://github.com/obra/superpowers.git",
      "revision": "8ca22dba9a94f28898bbce59f2537ff4d87c747d"
    },
    {
      "path": "pstack/skills/unslop",
      "ref": "main",
      "name": "unslop",
      "git": "https://github.com/cursor/plugins.git",
      "revision": "d0ef80d86795816da932a153458c5dbe192d294e"
    },
    {
      "path": "skills/web-design-guidelines",
      "ref": "main",
      "name": "web-design-guidelines",
      "git": "https://github.com/vercel-labs/agent-skills.git",
      "revision": "063bee94c3f4df8453406c830b0a7df0f2860278"
    }
  ]
}
