{
  "skills": [
    {
      "path": ".pi/skills/impeccable",
      "ref": "main",
      "name": "impeccable",
      "git": "https://github.com/pbakaus/impeccable.git",
      "revision": "508d7e8955de3b3caf2d8676e85206723d41a887"
    },
    {
      "path": "skills/systematic-debugging",
      "ref": "main",
      "name": "systematic-debugging",
      "git": "https://github.com/obra/superpowers.git",
      "revision": "8ca22dba9a94f28898bbce59f2537ff4d87c747d"
    },
    {
      "path": "skills/web-design-guidelines",
      "ref": "main",
      "name": "web-design-guidelines",
      "git": "https://github.com/vercel-labs/agent-skills.git",
      "revision": "063bee94c3f4df8453406c830b0a7df0f2860278"
    }
  ]
}
